// !$*UTF8*$!
{
	archiveVersion = 1;
	classes = {
	};
	objectVersion = 46;
	objects = {

/* Begin PBXBuildFile section */
		1D3623260D0F684500981E51 /* TwitterTesterAppDelegate.m in Sources */ = {isa = PBXBuildFile; fileRef = 1D3623250D0F684500981E51 /* TwitterTesterAppDelegate.m */; };
		1D60589B0D05DD56006BFB54 /* main.m in Sources */ = {isa = PBXBuildFile; fileRef = 29B97316FDCFA39411CA2CEA /* main.m */; };
		1D60589F0D05DD5A006BFB54 /* Foundation.framework in Frameworks */ = {isa = PBXBuildFile; fileRef = 1D30AB110D05D00D00671497 /* Foundation.framework */; };
		1DF5F4E00D08C38300B7A737 /* UIKit.framework in Frameworks */ = {isa = PBXBuildFile; fileRef = 1DF5F4DF0D08C38300B7A737 /* UIKit.framework */; };
		2892E4100DC94CBA00A64D0F /* CoreGraphics.framework in Frameworks */ = {isa = PBXBuildFile; fileRef = 2892E40F0DC94CBA00A64D0F /* CoreGraphics.framework */; };
		C40CA31912613C8200732515 /* UserListView.xib in Resources */ = {isa = PBXBuildFile; fileRef = C40CA31712613C8200732515 /* UserListView.xib */; };
		C40CA31A12613C8200732515 /* MainWindow.xib in Resources */ = {isa = PBXBuildFile; fileRef = C40CA31812613C8200732515 /* MainWindow.xib */; };
		C40CA31B12613C8200732515 /* UserListView.xib in Resources */ = {isa = PBXBuildFile; fileRef = C40CA31712613C8200732515 /* UserListView.xib */; };
		C40CA31C12613C8200732515 /* MainWindow.xib in Resources */ = {isa = PBXBuildFile; fileRef = C40CA31812613C8200732515 /* MainWindow.xib */; };
		C40CA3E31261496400732515 /* aaronhillegass.png in Resources */ = {isa = PBXBuildFile; fileRef = C40CA3DE1261496400732515 /* aaronhillegass.png */; };
		C40CA3E41261496400732515 /* cocoawithlove.png in Resources */ = {isa = PBXBuildFile; fileRef = C40CA3DF1261496400732515 /* cocoawithlove.png */; };
		C40CA3E51261496400732515 /* danielpunkass.png in Resources */ = {isa = PBXBuildFile; fileRef = C40CA3E01261496400732515 /* danielpunkass.png */; };
		C40CA3E61261496400732515 /* jeff_lamarche.png in Resources */ = {isa = PBXBuildFile; fileRef = C40CA3E11261496400732515 /* jeff_lamarche.png */; };
		C40CA3E71261496400732515 /* mzarra.png in Resources */ = {isa = PBXBuildFile; fileRef = C40CA3E21261496400732515 /* mzarra.png */; };
		C40CA3E81261496400732515 /* aaronhillegass.png in Resources */ = {isa = PBXBuildFile; fileRef = C40CA3DE1261496400732515 /* aaronhillegass.png */; };
		C40CA3E91261496400732515 /* cocoawithlove.png in Resources */ = {isa = PBXBuildFile; fileRef = C40CA3DF1261496400732515 /* cocoawithlove.png */; };
		C40CA3EA1261496400732515 /* danielpunkass.png in Resources */ = {isa = PBXBuildFile; fileRef = C40CA3E01261496400732515 /* danielpunkass.png */; };
		C40CA3EB1261496400732515 /* jeff_lamarche.png in Resources */ = {isa = PBXBuildFile; fileRef = C40CA3E11261496400732515 /* jeff_lamarche.png */; };
		C40CA3EC1261496400732515 /* mzarra.png in Resources */ = {isa = PBXBuildFile; fileRef = C40CA3E21261496400732515 /* mzarra.png */; };
		C40CA41312614BF500732515 /* UserListViewControllerTest.m in Sources */ = {isa = PBXBuildFile; fileRef = C40CA41212614BF500732515 /* UserListViewControllerTest.m */; };
		C420A3AB126020870069F1D7 /* TweetListViewController.m in Sources */ = {isa = PBXBuildFile; fileRef = C420A3AA126020870069F1D7 /* TweetListViewController.m */; };
		C42A064E125EB7E4008A004E /* UserListViewController.m in Sources */ = {isa = PBXBuildFile; fileRef = C42A064D125EB7E4008A004E /* UserListViewController.m */; };
		C42A0651125EB7F8008A004E /* User.m in Sources */ = {isa = PBXBuildFile; fileRef = C42A0650125EB7F8008A004E /* User.m */; };
		C42A0654125EB7FE008A004E /* Tweet.m in Sources */ = {isa = PBXBuildFile; fileRef = C42A0653125EB7FE008A004E /* Tweet.m */; };
		C42A076C125EBE1D008A004E /* NSObject+SBJSON.m in Sources */ = {isa = PBXBuildFile; fileRef = C42A0763125EBE1D008A004E /* NSObject+SBJSON.m */; };
		C42A076D125EBE1D008A004E /* NSString+SBJSON.m in Sources */ = {isa = PBXBuildFile; fileRef = C42A0765125EBE1D008A004E /* NSString+SBJSON.m */; };
		C42A076E125EBE1D008A004E /* SBJsonBase.m in Sources */ = {isa = PBXBuildFile; fileRef = C42A0767125EBE1D008A004E /* SBJsonBase.m */; };
		C42A076F125EBE1D008A004E /* SBJsonParser.m in Sources */ = {isa = PBXBuildFile; fileRef = C42A0769125EBE1D008A004E /* SBJsonParser.m */; };
		C42A0770125EBE1D008A004E /* SBJsonWriter.m in Sources */ = {isa = PBXBuildFile; fileRef = C42A076B125EBE1D008A004E /* SBJsonWriter.m */; };
		C42A07B8125EBED5008A004E /* ASIAuthenticationDialog.m in Sources */ = {isa = PBXBuildFile; fileRef = C42A07A6125EBED5008A004E /* ASIAuthenticationDialog.m */; };
		C42A07B9125EBED5008A004E /* ASIDownloadCache.m in Sources */ = {isa = PBXBuildFile; fileRef = C42A07A9125EBED5008A004E /* ASIDownloadCache.m */; };
		C42A07BA125EBED5008A004E /* ASIFormDataRequest.m in Sources */ = {isa = PBXBuildFile; fileRef = C42A07AB125EBED5008A004E /* ASIFormDataRequest.m */; };
		C42A07BB125EBED5008A004E /* ASIHTTPRequest.m in Sources */ = {isa = PBXBuildFile; fileRef = C42A07AD125EBED5008A004E /* ASIHTTPRequest.m */; };
		C42A07BC125EBED5008A004E /* ASIInputStream.m in Sources */ = {isa = PBXBuildFile; fileRef = C42A07B1125EBED5008A004E /* ASIInputStream.m */; };
		C42A07BD125EBED5008A004E /* ASINetworkQueue.m in Sources */ = {isa = PBXBuildFile; fileRef = C42A07B3125EBED5008A004E /* ASINetworkQueue.m */; };
		C42A07BE125EBED5008A004E /* Reachability.m in Sources */ = {isa = PBXBuildFile; fileRef = C42A07B7125EBED5008A004E /* Reachability.m */; };
		C42A07C1125EBEFF008A004E /* TwitterService.m in Sources */ = {isa = PBXBuildFile; fileRef = C42A07C0125EBEFF008A004E /* TwitterService.m */; };
		C42A0806125EC210008A004E /* CFNetwork.framework in Frameworks */ = {isa = PBXBuildFile; fileRef = C42A0805125EC210008A004E /* CFNetwork.framework */; };
		C42A0808125EC210008A004E /* MobileCoreServices.framework in Frameworks */ = {isa = PBXBuildFile; fileRef = C42A0807125EC210008A004E /* MobileCoreServices.framework */; };
		C42A080A125EC210008A004E /* SystemConfiguration.framework in Frameworks */ = {isa = PBXBuildFile; fileRef = C42A0809125EC210008A004E /* SystemConfiguration.framework */; };
		C42A080C125EC210008A004E /* libz.1.2.3.dylib in Frameworks */ = {isa = PBXBuildFile; fileRef = C42A080B125EC210008A004E /* libz.1.2.3.dylib */; };
		C45A37AA12601A9C00E584C2 /* Users.plist in Resources */ = {isa = PBXBuildFile; fileRef = C45A37A912601A9C00E584C2 /* Users.plist */; };
		C49D531F12612A4600851379 /* OCMock.framework in Frameworks */ = {isa = PBXBuildFile; fileRef = C4C206551261226700765D4A /* OCMock.framework */; };
		C4C1BB7A126EC75C0056C655 /* UserTest.m in Sources */ = {isa = PBXBuildFile; fileRef = C4C1BB79126EC75C0056C655 /* UserTest.m */; };
		C4C2043312610C9200765D4A /* NSDate+Additions.m in Sources */ = {isa = PBXBuildFile; fileRef = C4C2043212610C9200765D4A /* NSDate+Additions.m */; };
		C4C2050A1261214900765D4A /* Users.plist in Resources */ = {isa = PBXBuildFile; fileRef = C45A37A912601A9C00E584C2 /* Users.plist */; };
		C4C2050B1261215700765D4A /* ASIAuthenticationDialog.m in Sources */ = {isa = PBXBuildFile; fileRef = C42A07A6125EBED5008A004E /* ASIAuthenticationDialog.m */; };
		C4C2050C1261215700765D4A /* ASIDownloadCache.m in Sources */ = {isa = PBXBuildFile; fileRef = C42A07A9125EBED5008A004E /* ASIDownloadCache.m */; };
		C4C2050D1261215700765D4A /* ASIFormDataRequest.m in Sources */ = {isa = PBXBuildFile; fileRef = C42A07AB125EBED5008A004E /* ASIFormDataRequest.m */; };
		C4C2050E1261215700765D4A /* ASIHTTPRequest.m in Sources */ = {isa = PBXBuildFile; fileRef = C42A07AD125EBED5008A004E /* ASIHTTPRequest.m */; };
		C4C2050F1261215700765D4A /* ASIInputStream.m in Sources */ = {isa = PBXBuildFile; fileRef = C42A07B1125EBED5008A004E /* ASIInputStream.m */; };
		C4C205101261215700765D4A /* ASINetworkQueue.m in Sources */ = {isa = PBXBuildFile; fileRef = C42A07B3125EBED5008A004E /* ASINetworkQueue.m */; };
		C4C205121261215700765D4A /* NSDate+Additions.m in Sources */ = {isa = PBXBuildFile; fileRef = C4C2043212610C9200765D4A /* NSDate+Additions.m */; };
		C4C205131261215700765D4A /* NSObject+SBJSON.m in Sources */ = {isa = PBXBuildFile; fileRef = C42A0763125EBE1D008A004E /* NSObject+SBJSON.m */; };
		C4C205141261215700765D4A /* NSString+SBJSON.m in Sources */ = {isa = PBXBuildFile; fileRef = C42A0765125EBE1D008A004E /* NSString+SBJSON.m */; };
		C4C205151261215700765D4A /* Reachability.m in Sources */ = {isa = PBXBuildFile; fileRef = C42A07B7125EBED5008A004E /* Reachability.m */; };
		C4C205161261215700765D4A /* SBJsonBase.m in Sources */ = {isa = PBXBuildFile; fileRef = C42A0767125EBE1D008A004E /* SBJsonBase.m */; };
		C4C205171261215700765D4A /* SBJsonParser.m in Sources */ = {isa = PBXBuildFile; fileRef = C42A0769125EBE1D008A004E /* SBJsonParser.m */; };
		C4C205181261215700765D4A /* SBJsonWriter.m in Sources */ = {isa = PBXBuildFile; fileRef = C42A076B125EBE1D008A004E /* SBJsonWriter.m */; };
		C4C205191261215700765D4A /* Tweet.m in Sources */ = {isa = PBXBuildFile; fileRef = C42A0653125EB7FE008A004E /* Tweet.m */; };
		C4C2051A1261215700765D4A /* TweetListViewController.m in Sources */ = {isa = PBXBuildFile; fileRef = C420A3AA126020870069F1D7 /* TweetListViewController.m */; };
		C4C2051B1261215700765D4A /* TwitterService.m in Sources */ = {isa = PBXBuildFile; fileRef = C42A07C0125EBEFF008A004E /* TwitterService.m */; };
		C4C2051C1261215700765D4A /* TwitterTesterAppDelegate.m in Sources */ = {isa = PBXBuildFile; fileRef = 1D3623250D0F684500981E51 /* TwitterTesterAppDelegate.m */; };
		C4C2051D1261215700765D4A /* User.m in Sources */ = {isa = PBXBuildFile; fileRef = C42A0650125EB7F8008A004E /* User.m */; };
		C4C2051E1261215700765D4A /* UserListViewController.m in Sources */ = {isa = PBXBuildFile; fileRef = C42A064D125EB7E4008A004E /* UserListViewController.m */; };
		C4C205201261217B00765D4A /* GHUnitIOSTestMain.m in Sources */ = {isa = PBXBuildFile; fileRef = C4C205071261211E00765D4A /* GHUnitIOSTestMain.m */; };
		C4C205231261219A00765D4A /* CFNetwork.framework in Frameworks */ = {isa = PBXBuildFile; fileRef = C42A0805125EC210008A004E /* CFNetwork.framework */; };
		C4C205241261219A00765D4A /* CoreGraphics.framework in Frameworks */ = {isa = PBXBuildFile; fileRef = 2892E40F0DC94CBA00A64D0F /* CoreGraphics.framework */; };
		C4C205251261219A00765D4A /* Foundation.framework in Frameworks */ = {isa = PBXBuildFile; fileRef = 1D30AB110D05D00D00671497 /* Foundation.framework */; };
		C4C205271261219A00765D4A /* libz.1.2.3.dylib in Frameworks */ = {isa = PBXBuildFile; fileRef = C42A080B125EC210008A004E /* libz.1.2.3.dylib */; };
		C4C205281261219A00765D4A /* MobileCoreServices.framework in Frameworks */ = {isa = PBXBuildFile; fileRef = C42A0807125EC210008A004E /* MobileCoreServices.framework */; };
		C4C2052A1261219A00765D4A /* SystemConfiguration.framework in Frameworks */ = {isa = PBXBuildFile; fileRef = C42A0809125EC210008A004E /* SystemConfiguration.framework */; };
		C4C2052B1261219A00765D4A /* UIKit.framework in Frameworks */ = {isa = PBXBuildFile; fileRef = 1DF5F4DF0D08C38300B7A737 /* UIKit.framework */; };
		C4D23E9E1266CBAE00E6EFB6 /* TwitterServiceTest.m in Sources */ = {isa = PBXBuildFile; fileRef = C4D23E9D1266CBAE00E6EFB6 /* TwitterServiceTest.m */; };
		C4D23EB21266CD8A00E6EFB6 /* twitter_response.json in Resources */ = {isa = PBXBuildFile; fileRef = C4D23EB11266CD8A00E6EFB6 /* twitter_response.json */; };
		C4DCC0C21267CE0E0047C33E /* NSDate+AdditionsTest.m in Sources */ = {isa = PBXBuildFile; fileRef = C4DCC0C11267CE0E0047C33E /* NSDate+AdditionsTest.m */; };
		C4DD4D7B126017EB00321690 /* UnitTestDemo-Info.plist in Resources */ = {isa = PBXBuildFile; fileRef = 8D1107310486CEB800E47090 /* UnitTestDemo-Info.plist */; };
		C4E8192D126ECCD400140E92 /* TweetTest.m in Sources */ = {isa = PBXBuildFile; fileRef = C4E8192C126ECCD400140E92 /* TweetTest.m */; };
		C4F0E947126126BD002B6890 /* GHUnitIOS.framework in Frameworks */ = {isa = PBXBuildFile; fileRef = C4F0E946126126BD002B6890 /* GHUnitIOS.framework */; };
		C4F17905126560B100C1A032 /* TweetListViewControllerTest.m in Sources */ = {isa = PBXBuildFile; fileRef = C4F17904126560B100C1A032 /* TweetListViewControllerTest.m */; };
		C4F17AD11265780000C1A032 /* StubTwitterService.m in Sources */ = {isa = PBXBuildFile; fileRef = C4F17AD01265780000C1A032 /* StubTwitterService.m */; };
/* End PBXBuildFile section */

/* Begin PBXFileReference section */
		1D30AB110D05D00D00671497 /* Foundation.framework */ = {isa = PBXFileReference; lastKnownFileType = wrapper.framework; name = Foundation.framework; path = System/Library/Frameworks/Foundation.framework; sourceTree = SDKROOT; };
		1D3623240D0F684500981E51 /* TwitterTesterAppDelegate.h */ = {isa = PBXFileReference; fileEncoding = 4; lastKnownFileType = sourcecode.c.h; path = TwitterTesterAppDelegate.h; sourceTree = "<group>"; };
		1D3623250D0F684500981E51 /* TwitterTesterAppDelegate.m */ = {isa = PBXFileReference; fileEncoding = 4; lastKnownFileType = sourcecode.c.objc; path = TwitterTesterAppDelegate.m; sourceTree = "<group>"; };
		1D6058910D05DD3D006BFB54 /* UnitTestDemo.app */ = {isa = PBXFileReference; explicitFileType = wrapper.application; includeInIndex = 0; path = UnitTestDemo.app; sourceTree = BUILT_PRODUCTS_DIR; };
		1DF5F4DF0D08C38300B7A737 /* UIKit.framework */ = {isa = PBXFileReference; lastKnownFileType = wrapper.framework; name = UIKit.framework; path = System/Library/Frameworks/UIKit.framework; sourceTree = SDKROOT; };
		2892E40F0DC94CBA00A64D0F /* CoreGraphics.framework */ = {isa = PBXFileReference; lastKnownFileType = wrapper.framework; name = CoreGraphics.framework; path = System/Library/Frameworks/CoreGraphics.framework; sourceTree = SDKROOT; };
		28A0AAE50D9B0CCF005BE974 /* UnitTestDemo_Prefix.pch */ = {isa = PBXFileReference; fileEncoding = 4; lastKnownFileType = sourcecode.c.h; path = UnitTestDemo_Prefix.pch; sourceTree = "<group>"; };
		29B97316FDCFA39411CA2CEA /* main.m */ = {isa = PBXFileReference; fileEncoding = 4; lastKnownFileType = sourcecode.c.objc; path = main.m; sourceTree = "<group>"; };
		8D1107310486CEB800E47090 /* UnitTestDemo-Info.plist */ = {isa = PBXFileReference; fileEncoding = 4; lastKnownFileType = text.plist.xml; name = "UnitTestDemo-Info.plist"; path = "../UnitTestDemo-Info.plist"; plistStructureDefinitionIdentifier = "com.apple.xcode.plist.structure-definition.iphone.info-plist"; sourceTree = "<group>"; };
		C40CA31712613C8200732515 /* UserListView.xib */ = {isa = PBXFileReference; lastKnownFileType = file.xib; path = UserListView.xib; sourceTree = "<group>"; };
		C40CA31812613C8200732515 /* MainWindow.xib */ = {isa = PBXFileReference; lastKnownFileType = file.xib; path = MainWindow.xib; sourceTree = "<group>"; };
		C40CA3DE1261496400732515 /* aaronhillegass.png */ = {isa = PBXFileReference; lastKnownFileType = image.png; path = aaronhillegass.png; sourceTree = "<group>"; };
		C40CA3DF1261496400732515 /* cocoawithlove.png */ = {isa = PBXFileReference; lastKnownFileType = image.png; path = cocoawithlove.png; sourceTree = "<group>"; };
		C40CA3E01261496400732515 /* danielpunkass.png */ = {isa = PBXFileReference; lastKnownFileType = image.png; path = danielpunkass.png; sourceTree = "<group>"; };
		C40CA3E11261496400732515 /* jeff_lamarche.png */ = {isa = PBXFileReference; lastKnownFileType = image.png; path = jeff_lamarche.png; sourceTree = "<group>"; };
		C40CA3E21261496400732515 /* mzarra.png */ = {isa = PBXFileReference; lastKnownFileType = image.png; path = mzarra.png; sourceTree = "<group>"; };
		C40CA41212614BF500732515 /* UserListViewControllerTest.m */ = {isa = PBXFileReference; fileEncoding = 4; lastKnownFileType = sourcecode.c.objc; path = UserListViewControllerTest.m; sourceTree = "<group>"; };
		C420A3A9126020870069F1D7 /* TweetListViewController.h */ = {isa = PBXFileReference; fileEncoding = 4; lastKnownFileType = sourcecode.c.h; path = TweetListViewController.h; sourceTree = "<group>"; };
		C420A3AA126020870069F1D7 /* TweetListViewController.m */ = {isa = PBXFileReference; fileEncoding = 4; lastKnownFileType = sourcecode.c.objc; path = TweetListViewController.m; sourceTree = "<group>"; };
		C42A064C125EB7E4008A004E /* UserListViewController.h */ = {isa = PBXFileReference; fileEncoding = 4; lastKnownFileType = sourcecode.c.h; path = UserListViewController.h; sourceTree = "<group>"; };
		C42A064D125EB7E4008A004E /* UserListViewController.m */ = {isa = PBXFileReference; fileEncoding = 4; lastKnownFileType = sourcecode.c.objc; path = UserListViewController.m; sourceTree = "<group>"; };
		C42A064F125EB7F8008A004E /* User.h */ = {isa = PBXFileReference; fileEncoding = 4; lastKnownFileType = sourcecode.c.h; path = User.h; sourceTree = "<group>"; };
		C42A0650125EB7F8008A004E /* User.m */ = {isa = PBXFileReference; fileEncoding = 4; lastKnownFileType = sourcecode.c.objc; path = User.m; sourceTree = "<group>"; };
		C42A0652125EB7FE008A004E /* Tweet.h */ = {isa = PBXFileReference; fileEncoding = 4; lastKnownFileType = sourcecode.c.h; path = Tweet.h; sourceTree = "<group>"; };
		C42A0653125EB7FE008A004E /* Tweet.m */ = {isa = PBXFileReference; fileEncoding = 4; lastKnownFileType = sourcecode.c.objc; path = Tweet.m; sourceTree = "<group>"; };
		C42A0761125EBE1D008A004E /* JSON.h */ = {isa = PBXFileReference; fileEncoding = 4; lastKnownFileType = sourcecode.c.h; path = JSON.h; sourceTree = "<group>"; };
		C42A0762125EBE1D008A004E /* NSObject+SBJSON.h */ = {isa = PBXFileReference; fileEncoding = 4; lastKnownFileType = sourcecode.c.h; path = "NSObject+SBJSON.h"; sourceTree = "<group>"; };
		C42A0763125EBE1D008A004E /* NSObject+SBJSON.m */ = {isa = PBXFileReference; fileEncoding = 4; lastKnownFileType = sourcecode.c.objc; path = "NSObject+SBJSON.m"; sourceTree = "<group>"; };
		C42A0764125EBE1D008A004E /* NSString+SBJSON.h */ = {isa = PBXFileReference; fileEncoding = 4; lastKnownFileType = sourcecode.c.h; path = "NSString+SBJSON.h"; sourceTree = "<group>"; };
		C42A0765125EBE1D008A004E /* NSString+SBJSON.m */ = {isa = PBXFileReference; fileEncoding = 4; lastKnownFileType = sourcecode.c.objc; path = "NSString+SBJSON.m"; sourceTree = "<group>"; };
		C42A0766125EBE1D008A004E /* SBJsonBase.h */ = {isa = PBXFileReference; fileEncoding = 4; lastKnownFileType = sourcecode.c.h; path = SBJsonBase.h; sourceTree = "<group>"; };
		C42A0767125EBE1D008A004E /* SBJsonBase.m */ = {isa = PBXFileReference; fileEncoding = 4; lastKnownFileType = sourcecode.c.objc; path = SBJsonBase.m; sourceTree = "<group>"; };
		C42A0768125EBE1D008A004E /* SBJsonParser.h */ = {isa = PBXFileReference; fileEncoding = 4; lastKnownFileType = sourcecode.c.h; path = SBJsonParser.h; sourceTree = "<group>"; };
		C42A0769125EBE1D008A004E /* SBJsonParser.m */ = {isa = PBXFileReference; fileEncoding = 4; lastKnownFileType = sourcecode.c.objc; path = SBJsonParser.m; sourceTree = "<group>"; };
		C42A076A125EBE1D008A004E /* SBJsonWriter.h */ = {isa = PBXFileReference; fileEncoding = 4; lastKnownFileType = sourcecode.c.h; path = SBJsonWriter.h; sourceTree = "<group>"; };
		C42A076B125EBE1D008A004E /* SBJsonWriter.m */ = {isa = PBXFileReference; fileEncoding = 4; lastKnownFileType = sourcecode.c.objc; path = SBJsonWriter.m; sourceTree = "<group>"; };
		C42A07A5125EBED5008A004E /* ASIAuthenticationDialog.h */ = {isa = PBXFileReference; fileEncoding = 4; lastKnownFileType = sourcecode.c.h; path = ASIAuthenticationDialog.h; sourceTree = "<group>"; };
		C42A07A6125EBED5008A004E /* ASIAuthenticationDialog.m */ = {isa = PBXFileReference; fileEncoding = 4; lastKnownFileType = sourcecode.c.objc; path = ASIAuthenticationDialog.m; sourceTree = "<group>"; };
		C42A07A7125EBED5008A004E /* ASICacheDelegate.h */ = {isa = PBXFileReference; fileEncoding = 4; lastKnownFileType = sourcecode.c.h; path = ASICacheDelegate.h; sourceTree = "<group>"; };
		C42A07A8125EBED5008A004E /* ASIDownloadCache.h */ = {isa = PBXFileReference; fileEncoding = 4; lastKnownFileType = sourcecode.c.h; path = ASIDownloadCache.h; sourceTree = "<group>"; };
		C42A07A9125EBED5008A004E /* ASIDownloadCache.m */ = {isa = PBXFileReference; fileEncoding = 4; lastKnownFileType = sourcecode.c.objc; path = ASIDownloadCache.m; sourceTree = "<group>"; };
		C42A07AA125EBED5008A004E /* ASIFormDataRequest.h */ = {isa = PBXFileReference; fileEncoding = 4; lastKnownFileType = sourcecode.c.h; path = ASIFormDataRequest.h; sourceTree = "<group>"; };
		C42A07AB125EBED5008A004E /* ASIFormDataRequest.m */ = {isa = PBXFileReference; fileEncoding = 4; lastKnownFileType = sourcecode.c.objc; path = ASIFormDataRequest.m; sourceTree = "<group>"; };
		C42A07AC125EBED5008A004E /* ASIHTTPRequest.h */ = {isa = PBXFileReference; fileEncoding = 4; lastKnownFileType = sourcecode.c.h; path = ASIHTTPRequest.h; sourceTree = "<group>"; };
		C42A07AD125EBED5008A004E /* ASIHTTPRequest.m */ = {isa = PBXFileReference; fileEncoding = 4; lastKnownFileType = sourcecode.c.objc; path = ASIHTTPRequest.m; sourceTree = "<group>"; };
		C42A07AE125EBED5008A004E /* ASIHTTPRequestConfig.h */ = {isa = PBXFileReference; fileEncoding = 4; lastKnownFileType = sourcecode.c.h; path = ASIHTTPRequestConfig.h; sourceTree = "<group>"; };
		C42A07AF125EBED5008A004E /* ASIHTTPRequestDelegate.h */ = {isa = PBXFileReference; fileEncoding = 4; lastKnownFileType = sourcecode.c.h; path = ASIHTTPRequestDelegate.h; sourceTree = "<group>"; };
		C42A07B0125EBED5008A004E /* ASIInputStream.h */ = {isa = PBXFileReference; fileEncoding = 4; lastKnownFileType = sourcecode.c.h; path = ASIInputStream.h; sourceTree = "<group>"; };
		C42A07B1125EBED5008A004E /* ASIInputStream.m */ = {isa = PBXFileReference; fileEncoding = 4; lastKnownFileType = sourcecode.c.objc; path = ASIInputStream.m; sourceTree = "<group>"; };
		C42A07B2125EBED5008A004E /* ASINetworkQueue.h */ = {isa = PBXFileReference; fileEncoding = 4; lastKnownFileType = sourcecode.c.h; path = ASINetworkQueue.h; sourceTree = "<group>"; };
		C42A07B3125EBED5008A004E /* ASINetworkQueue.m */ = {isa = PBXFileReference; fileEncoding = 4; lastKnownFileType = sourcecode.c.objc; path = ASINetworkQueue.m; sourceTree = "<group>"; };
		C42A07B4125EBED5008A004E /* ASIProgressDelegate.h */ = {isa = PBXFileReference; fileEncoding = 4; lastKnownFileType = sourcecode.c.h; path = ASIProgressDelegate.h; sourceTree = "<group>"; };
		C42A07B6125EBED5008A004E /* Reachability.h */ = {isa = PBXFileReference; fileEncoding = 4; lastKnownFileType = sourcecode.c.h; path = Reachability.h; sourceTree = "<group>"; };
		C42A07B7125EBED5008A004E /* Reachability.m */ = {isa = PBXFileReference; fileEncoding = 4; lastKnownFileType = sourcecode.c.objc; path = Reachability.m; sourceTree = "<group>"; };
		C42A07BF125EBEFF008A004E /* TwitterService.h */ = {isa = PBXFileReference; fileEncoding = 4; lastKnownFileType = sourcecode.c.h; path = TwitterService.h; sourceTree = "<group>"; };
		C42A07C0125EBEFF008A004E /* TwitterService.m */ = {isa = PBXFileReference; fileEncoding = 4; lastKnownFileType = sourcecode.c.objc; path = TwitterService.m; sourceTree = "<group>"; };
		C42A0805125EC210008A004E /* CFNetwork.framework */ = {isa = PBXFileReference; lastKnownFileType = wrapper.framework; name = CFNetwork.framework; path = System/Library/Frameworks/CFNetwork.framework; sourceTree = SDKROOT; };
		C42A0807125EC210008A004E /* MobileCoreServices.framework */ = {isa = PBXFileReference; lastKnownFileType = wrapper.framework; name = MobileCoreServices.framework; path = System/Library/Frameworks/MobileCoreServices.framework; sourceTree = SDKROOT; };
		C42A0809125EC210008A004E /* SystemConfiguration.framework */ = {isa = PBXFileReference; lastKnownFileType = wrapper.framework; name = SystemConfiguration.framework; path = System/Library/Frameworks/SystemConfiguration.framework; sourceTree = SDKROOT; };
		C42A080B125EC210008A004E /* libz.1.2.3.dylib */ = {isa = PBXFileReference; lastKnownFileType = "compiled.mach-o.dylib"; name = libz.1.2.3.dylib; path = usr/lib/libz.1.2.3.dylib; sourceTree = SDKROOT; };
		C45A37A912601A9C00E584C2 /* Users.plist */ = {isa = PBXFileReference; fileEncoding = 4; lastKnownFileType = text.plist.xml; path = Users.plist; sourceTree = "<group>"; };
		C49D5302126129AF00851379 /* UnitTests_Prefix.pch */ = {isa = PBXFileReference; fileEncoding = 4; lastKnownFileType = sourcecode.c.h; path = UnitTests_Prefix.pch; sourceTree = "<group>"; };
		C4C1BB79126EC75C0056C655 /* UserTest.m */ = {isa = PBXFileReference; fileEncoding = 4; lastKnownFileType = sourcecode.c.objc; path = UserTest.m; sourceTree = "<group>"; };
		C4C2043112610C9200765D4A /* NSDate+Additions.h */ = {isa = PBXFileReference; fileEncoding = 4; lastKnownFileType = sourcecode.c.h; path = "NSDate+Additions.h"; sourceTree = "<group>"; };
		C4C2043212610C9200765D4A /* NSDate+Additions.m */ = {isa = PBXFileReference; fileEncoding = 4; lastKnownFileType = sourcecode.c.objc; path = "NSDate+Additions.m"; sourceTree = "<group>"; };
		C4C204F5126120BC00765D4A /* UnitTests.app */ = {isa = PBXFileReference; explicitFileType = wrapper.application; includeInIndex = 0; path = UnitTests.app; sourceTree = BUILT_PRODUCTS_DIR; };
		C4C204F7126120BC00765D4A /* UnitTests-Info.plist */ = {isa = PBXFileReference; lastKnownFileType = text.plist.xml; name = "UnitTests-Info.plist"; path = "../UnitTests-Info.plist"; sourceTree = "<group>"; };
		C4C205071261211E00765D4A /* GHUnitIOSTestMain.m */ = {isa = PBXFileReference; fileEncoding = 4; lastKnownFileType = sourcecode.c.objc; path = GHUnitIOSTestMain.m; sourceTree = "<group>"; };
		C4C206551261226700765D4A /* OCMock.framework */ = {isa = PBXFileReference; lastKnownFileType = wrapper.framework; path = OCMock.framework; sourceTree = "<group>"; };
		C4D23E9D1266CBAE00E6EFB6 /* TwitterServiceTest.m */ = {isa = PBXFileReference; fileEncoding = 4; lastKnownFileType = sourcecode.c.objc; path = TwitterServiceTest.m; sourceTree = "<group>"; };
		C4D23EB11266CD8A00E6EFB6 /* twitter_response.json */ = {isa = PBXFileReference; fileEncoding = 4; lastKnownFileType = text; path = twitter_response.json; sourceTree = "<group>"; };
		C4DCC0C11267CE0E0047C33E /* NSDate+AdditionsTest.m */ = {isa = PBXFileReference; fileEncoding = 4; lastKnownFileType = sourcecode.c.objc; path = "NSDate+AdditionsTest.m"; sourceTree = "<group>"; };
		C4E8192C126ECCD400140E92 /* TweetTest.m */ = {isa = PBXFileReference; fileEncoding = 4; lastKnownFileType = sourcecode.c.objc; path = TweetTest.m; sourceTree = "<group>"; };
		C4F0E946126126BD002B6890 /* GHUnitIOS.framework */ = {isa = PBXFileReference; lastKnownFileType = wrapper.framework; path = GHUnitIOS.framework; sourceTree = "<group>"; };
		C4F17904126560B100C1A032 /* TweetListViewControllerTest.m */ = {isa = PBXFileReference; fileEncoding = 4; lastKnownFileType = sourcecode.c.objc; path = TweetListViewControllerTest.m; sourceTree = "<group>"; };
		C4F17ACF1265780000C1A032 /* StubTwitterService.h */ = {isa = PBXFileReference; fileEncoding = 4; lastKnownFileType = sourcecode.c.h; path = StubTwitterService.h; sourceTree = "<group>"; };
		C4F17AD01265780000C1A032 /* StubTwitterService.m */ = {isa = PBXFileReference; fileEncoding = 4; lastKnownFileType = sourcecode.c.objc; path = StubTwitterService.m; sourceTree = "<group>"; };
/* End PBXFileReference section */

/* Begin PBXFrameworksBuildPhase section */
		1D60588F0D05DD3D006BFB54 /* Frameworks */ = {
			isa = PBXFrameworksBuildPhase;
			buildActionMask = 2147483647;
			files = (
				1D60589F0D05DD5A006BFB54 /* Foundation.framework in Frameworks */,
				1DF5F4E00D08C38300B7A737 /* UIKit.framework in Frameworks */,
				2892E4100DC94CBA00A64D0F /* CoreGraphics.framework in Frameworks */,
				C42A0806125EC210008A004E /* CFNetwork.framework in Frameworks */,
				C42A0808125EC210008A004E /* MobileCoreServices.framework in Frameworks */,
				C42A080A125EC210008A004E /* SystemConfiguration.framework in Frameworks */,
				C42A080C125EC210008A004E /* libz.1.2.3.dylib in Frameworks */,
			);
			runOnlyForDeploymentPostprocessing = 0;
		};
		C4C204F3126120BC00765D4A /* Frameworks */ = {
			isa = PBXFrameworksBuildPhase;
			buildActionMask = 2147483647;
			files = (
				C4C205231261219A00765D4A /* CFNetwork.framework in Frameworks */,
				C4C205241261219A00765D4A /* CoreGraphics.framework in Frameworks */,
				C4C205251261219A00765D4A /* Foundation.framework in Frameworks */,
				C4C205271261219A00765D4A /* libz.1.2.3.dylib in Frameworks */,
				C4C205281261219A00765D4A /* MobileCoreServices.framework in Frameworks */,
				C4C2052A1261219A00765D4A /* SystemConfiguration.framework in Frameworks */,
				C4C2052B1261219A00765D4A /* UIKit.framework in Frameworks */,
				C4F0E947126126BD002B6890 /* GHUnitIOS.framework in Frameworks */,
				C49D531F12612A4600851379 /* OCMock.framework in Frameworks */,
			);
			runOnlyForDeploymentPostprocessing = 0;
		};
/* End PBXFrameworksBuildPhase section */

/* Begin PBXGroup section */
		080E96DDFE201D6D7F000001 /* Classes */ = {
			isa = PBXGroup;
			children = (
				C4C2043012610C7B00765D4A /* Categories */,
				C42A0649125EB7C3008A004E /* Controllers */,
				C42A064A125EB7C3008A004E /* Models */,
				C42A064B125EB7C3008A004E /* Services */,
				1D3623240D0F684500981E51 /* TwitterTesterAppDelegate.h */,
				1D3623250D0F684500981E51 /* TwitterTesterAppDelegate.m */,
			);
			path = Classes;
			sourceTree = "<group>";
		};
		19C28FACFE9D520D11CA2CBB /* Products */ = {
			isa = PBXGroup;
			children = (
				1D6058910D05DD3D006BFB54 /* UnitTestDemo.app */,
				C4C204F5126120BC00765D4A /* UnitTests.app */,
			);
			name = Products;
			sourceTree = "<group>";
		};
		29B97314FDCFA39411CA2CEA /* CustomTemplate */ = {
			isa = PBXGroup;
			children = (
				080E96DDFE201D6D7F000001 /* Classes */,
				C42A0636125EB6F6008A004E /* UnitTests */,
				29B97315FDCFA39411CA2CEA /* Other Sources */,
				C42A075F125EBE1D008A004E /* External */,
				29B97317FDCFA39411CA2CEA /* Resources */,
				29B97323FDCFA39411CA2CEA /* Frameworks */,
				19C28FACFE9D520D11CA2CBB /* Products */,
			);
			name = CustomTemplate;
			sourceTree = "<group>";
		};
		29B97315FDCFA39411CA2CEA /* Other Sources */ = {
			isa = PBXGroup;
			children = (
				C4C205071261211E00765D4A /* GHUnitIOSTestMain.m */,
				29B97316FDCFA39411CA2CEA /* main.m */,
				28A0AAE50D9B0CCF005BE974 /* UnitTestDemo_Prefix.pch */,
				C49D5302126129AF00851379 /* UnitTests_Prefix.pch */,
			);
			name = "Other Sources";
			sourceTree = "<group>";
		};
		29B97317FDCFA39411CA2CEA /* Resources */ = {
			isa = PBXGroup;
			children = (
				C4D23EB01266CD7F00E6EFB6 /* Data */,
				C40CA3C31261489300732515 /* Images */,
				C40CA31712613C8200732515 /* UserListView.xib */,
				C40CA31812613C8200732515 /* MainWindow.xib */,
				8D1107310486CEB800E47090 /* UnitTestDemo-Info.plist */,
				C4C204F7126120BC00765D4A /* UnitTests-Info.plist */,
				C45A37A912601A9C00E584C2 /* Users.plist */,
			);
			path = Resources;
			sourceTree = "<group>";
		};
		29B97323FDCFA39411CA2CEA /* Frameworks */ = {
			isa = PBXGroup;
			children = (
				C4F0E946126126BD002B6890 /* GHUnitIOS.framework */,
				C4C206551261226700765D4A /* OCMock.framework */,
				2892E40F0DC94CBA00A64D0F /* CoreGraphics.framework */,
				C42A0805125EC210008A004E /* CFNetwork.framework */,
				1D30AB110D05D00D00671497 /* Foundation.framework */,
				C42A080B125EC210008A004E /* libz.1.2.3.dylib */,
				C42A0807125EC210008A004E /* MobileCoreServices.framework */,
				C42A0809125EC210008A004E /* SystemConfiguration.framework */,
				1DF5F4DF0D08C38300B7A737 /* UIKit.framework */,
			);
			path = Frameworks;
			sourceTree = "<group>";
		};
		C40CA3C31261489300732515 /* Images */ = {
			isa = PBXGroup;
			children = (
				C40CA3DE1261496400732515 /* aaronhillegass.png */,
				C40CA3DF1261496400732515 /* cocoawithlove.png */,
				C40CA3E01261496400732515 /* danielpunkass.png */,
				C40CA3E11261496400732515 /* jeff_lamarche.png */,
				C40CA3E21261496400732515 /* mzarra.png */,
			);
			name = Images;
			sourceTree = "<group>";
		};
		C42A0636125EB6F6008A004E /* UnitTests */ = {
			isa = PBXGroup;
			children = (
				C49D52FC126128A100851379 /* Categories */,
				C49D52FD126128A100851379 /* Controllers */,
				C49D52FE126128A100851379 /* Models */,
				C49D52FF126128A100851379 /* Services */,
			);
			path = UnitTests;
			sourceTree = "<group>";
		};
		C42A0649125EB7C3008A004E /* Controllers */ = {
			isa = PBXGroup;
			children = (
				C42A064C125EB7E4008A004E /* UserListViewController.h */,
				C42A064D125EB7E4008A004E /* UserListViewController.m */,
				C420A3A9126020870069F1D7 /* TweetListViewController.h */,
				C420A3AA126020870069F1D7 /* TweetListViewController.m */,
			);
			path = Controllers;
			sourceTree = "<group>";
		};
		C42A064A125EB7C3008A004E /* Models */ = {
			isa = PBXGroup;
			children = (
				C42A064F125EB7F8008A004E /* User.h */,
				C42A0650125EB7F8008A004E /* User.m */,
				C42A0652125EB7FE008A004E /* Tweet.h */,
				C42A0653125EB7FE008A004E /* Tweet.m */,
			);
			path = Models;
			sourceTree = "<group>";
		};
		C42A064B125EB7C3008A004E /* Services */ = {
			isa = PBXGroup;
			children = (
				C42A07BF125EBEFF008A004E /* TwitterService.h */,
				C42A07C0125EBEFF008A004E /* TwitterService.m */,
			);
			path = Services;
			sourceTree = "<group>";
		};
		C42A075F125EBE1D008A004E /* External */ = {
			isa = PBXGroup;
			children = (
				C42A07A4125EBED5008A004E /* ASIHTTPRequest */,
				C42A07B5125EBED5008A004E /* Reachability */,
				C42A0760125EBE1D008A004E /* SBJSON */,
			);
			path = External;
			sourceTree = "<group>";
		};
		C42A0760125EBE1D008A004E /* SBJSON */ = {
			isa = PBXGroup;
			children = (
				C42A0761125EBE1D008A004E /* JSON.h */,
				C42A0762125EBE1D008A004E /* NSObject+SBJSON.h */,
				C42A0763125EBE1D008A004E /* NSObject+SBJSON.m */,
				C42A0764125EBE1D008A004E /* NSString+SBJSON.h */,
				C42A0765125EBE1D008A004E /* NSString+SBJSON.m */,
				C42A0766125EBE1D008A004E /* SBJsonBase.h */,
				C42A0767125EBE1D008A004E /* SBJsonBase.m */,
				C42A0768125EBE1D008A004E /* SBJsonParser.h */,
				C42A0769125EBE1D008A004E /* SBJsonParser.m */,
				C42A076A125EBE1D008A004E /* SBJsonWriter.h */,
				C42A076B125EBE1D008A004E /* SBJsonWriter.m */,
			);
			path = SBJSON;
			sourceTree = "<group>";
		};
		C42A07A4125EBED5008A004E /* ASIHTTPRequest */ = {
			isa = PBXGroup;
			children = (
				C42A07A5125EBED5008A004E /* ASIAuthenticationDialog.h */,
				C42A07A6125EBED5008A004E /* ASIAuthenticationDialog.m */,
				C42A07A7125EBED5008A004E /* ASICacheDelegate.h */,
				C42A07A8125EBED5008A004E /* ASIDownloadCache.h */,
				C42A07A9125EBED5008A004E /* ASIDownloadCache.m */,
				C42A07AA125EBED5008A004E /* ASIFormDataRequest.h */,
				C42A07AB125EBED5008A004E /* ASIFormDataRequest.m */,
				C42A07AC125EBED5008A004E /* ASIHTTPRequest.h */,
				C42A07AD125EBED5008A004E /* ASIHTTPRequest.m */,
				C42A07AE125EBED5008A004E /* ASIHTTPRequestConfig.h */,
				C42A07AF125EBED5008A004E /* ASIHTTPRequestDelegate.h */,
				C42A07B0125EBED5008A004E /* ASIInputStream.h */,
				C42A07B1125EBED5008A004E /* ASIInputStream.m */,
				C42A07B2125EBED5008A004E /* ASINetworkQueue.h */,
				C42A07B3125EBED5008A004E /* ASINetworkQueue.m */,
				C42A07B4125EBED5008A004E /* ASIProgressDelegate.h */,
			);
			path = ASIHTTPRequest;
			sourceTree = "<group>";
		};
		C42A07B5125EBED5008A004E /* Reachability */ = {
			isa = PBXGroup;
			children = (
				C42A07B6125EBED5008A004E /* Reachability.h */,
				C42A07B7125EBED5008A004E /* Reachability.m */,
			);
			path = Reachability;
			sourceTree = "<group>";
		};
		C49D52FC126128A100851379 /* Categories */ = {
			isa = PBXGroup;
			children = (
				C4DCC0C11267CE0E0047C33E /* NSDate+AdditionsTest.m */,
			);
			path = Categories;
			sourceTree = "<group>";
		};
		C49D52FD126128A100851379 /* Controllers */ = {
			isa = PBXGroup;
			children = (
				C40CA41212614BF500732515 /* UserListViewControllerTest.m */,
				C4F17904126560B100C1A032 /* TweetListViewControllerTest.m */,
			);
			path = Controllers;
			sourceTree = "<group>";
		};
		C49D52FE126128A100851379 /* Models */ = {
			isa = PBXGroup;
			children = (
				C4C1BB79126EC75C0056C655 /* UserTest.m */,
				C4E8192C126ECCD400140E92 /* TweetTest.m */,
			);
			path = Models;
			sourceTree = "<group>";
		};
		C49D52FF126128A100851379 /* Services */ = {
			isa = PBXGroup;
			children = (
				C4F17ACF1265780000C1A032 /* StubTwitterService.h */,
				C4F17AD01265780000C1A032 /* StubTwitterService.m */,
				C4D23E9D1266CBAE00E6EFB6 /* TwitterServiceTest.m */,
			);
			path = Services;
			sourceTree = "<group>";
		};
		C4C2043012610C7B00765D4A /* Categories */ = {
			isa = PBXGroup;
			children = (
				C4C2043112610C9200765D4A /* NSDate+Additions.h */,
				C4C2043212610C9200765D4A /* NSDate+Additions.m */,
			);
			path = Categories;
			sourceTree = "<group>";
		};
		C4D23EB01266CD7F00E6EFB6 /* Data */ = {
			isa = PBXGroup;
			children = (
				C4D23EB11266CD8A00E6EFB6 /* twitter_response.json */,
			);
			name = Data;
			sourceTree = "<group>";
		};
/* End PBXGroup section */

/* Begin PBXNativeTarget section */
		1D6058900D05DD3D006BFB54 /* TwitterDemoApp */ = {
			isa = PBXNativeTarget;
			buildConfigurationList = 1D6058960D05DD3E006BFB54 /* Build configuration list for PBXNativeTarget "TwitterDemoApp" */;
			buildPhases = (
				1D60588D0D05DD3D006BFB54 /* Resources */,
				1D60588E0D05DD3D006BFB54 /* Sources */,
				1D60588F0D05DD3D006BFB54 /* Frameworks */,
			);
			buildRules = (
			);
			dependencies = (
			);
			name = TwitterDemoApp;
			productName = TwitterTester;
			productReference = 1D6058910D05DD3D006BFB54 /* UnitTestDemo.app */;
			productType = "com.apple.product-type.application";
		};
		C4C204F4126120BC00765D4A /* UnitTests */ = {
			isa = PBXNativeTarget;
			buildConfigurationList = C4C204FA126120BD00765D4A /* Build configuration list for PBXNativeTarget "UnitTests" */;
			buildPhases = (
				C4C204F1126120BC00765D4A /* Resources */,
				C4C204F2126120BC00765D4A /* Sources */,
				C4C204F3126120BC00765D4A /* Frameworks */,
			);
			buildRules = (
			);
			dependencies = (
			);
			name = UnitTests;
			productName = UnitTests;
			productReference = C4C204F5126120BC00765D4A /* UnitTests.app */;
			productType = "com.apple.product-type.application";
		};
/* End PBXNativeTarget section */

/* Begin PBXProject section */
		29B97313FDCFA39411CA2CEA /* Project object */ = {
			isa = PBXProject;
			attributes = {
				LastUpgradeCheck = 0410;
			};
			buildConfigurationList = C01FCF4E08A954540054247B /* Build configuration list for PBXProject "UnitTestDemo" */;
			compatibilityVersion = "Xcode 3.2";
			developmentRegion = English;
			hasScannedForEncodings = 1;
			knownRegions = (
				English,
				Japanese,
				French,
				German,
				en,
			);
			mainGroup = 29B97314FDCFA39411CA2CEA /* CustomTemplate */;
			projectDirPath = "";
			projectRoot = "";
			targets = (
				1D6058900D05DD3D006BFB54 /* TwitterDemoApp */,
				C4C204F4126120BC00765D4A /* UnitTests */,
			);
		};
/* End PBXProject section */

/* Begin PBXResourcesBuildPhase section */
		1D60588D0D05DD3D006BFB54 /* Resources */ = {
			isa = PBXResourcesBuildPhase;
			buildActionMask = 2147483647;
			files = (
				C4DD4D7B126017EB00321690 /* UnitTestDemo-Info.plist in Resources */,
				C45A37AA12601A9C00E584C2 /* Users.plist in Resources */,
				C40CA31912613C8200732515 /* UserListView.xib in Resources */,
				C40CA31A12613C8200732515 /* MainWindow.xib in Resources */,
				C40CA3E31261496400732515 /* aaronhillegass.png in Resources */,
				C40CA3E41261496400732515 /* cocoawithlove.png in Resources */,
				C40CA3E51261496400732515 /* danielpunkass.png in Resources */,
				C40CA3E61261496400732515 /* jeff_lamarche.png in Resources */,
				C40CA3E71261496400732515 /* mzarra.png in Resources */,
			);
			runOnlyForDeploymentPostprocessing = 0;
		};
		C4C204F1126120BC00765D4A /* Resources */ = {
			isa = PBXResourcesBuildPhase;
			buildActionMask = 2147483647;
			files = (
				C4C2050A1261214900765D4A /* Users.plist in Resources */,
				C40CA31B12613C8200732515 /* UserListView.xib in Resources */,
				C40CA31C12613C8200732515 /* MainWindow.xib in Resources */,
				C40CA3E81261496400732515 /* aaronhillegass.png in Resources */,
				C40CA3E91261496400732515 /* cocoawithlove.png in Resources */,
				C40CA3EA1261496400732515 /* danielpunkass.png in Resources */,
				C40CA3EB1261496400732515 /* jeff_lamarche.png in Resources */,
				C40CA3EC1261496400732515 /* mzarra.png in Resources */,
				C4D23EB21266CD8A00E6EFB6 /* twitter_response.json in Resources */,
			);
			runOnlyForDeploymentPostprocessing = 0;
		};
/* End PBXResourcesBuildPhase section */

/* Begin PBXSourcesBuildPhase section */
		1D60588E0D05DD3D006BFB54 /* Sources */ = {
			isa = PBXSourcesBuildPhase;
			buildActionMask = 2147483647;
			files = (
				1D60589B0D05DD56006BFB54 /* main.m in Sources */,
				1D3623260D0F684500981E51 /* TwitterTesterAppDelegate.m in Sources */,
				C42A064E125EB7E4008A004E /* UserListViewController.m in Sources */,
				C42A0651125EB7F8008A004E /* User.m in Sources */,
				C42A0654125EB7FE008A004E /* Tweet.m in Sources */,
				C42A076C125EBE1D008A004E /* NSObject+SBJSON.m in Sources */,
				C42A076D125EBE1D008A004E /* NSString+SBJSON.m in Sources */,
				C42A076E125EBE1D008A004E /* SBJsonBase.m in Sources */,
				C42A076F125EBE1D008A004E /* SBJsonParser.m in Sources */,
				C42A0770125EBE1D008A004E /* SBJsonWriter.m in Sources */,
				C42A07B8125EBED5008A004E /* ASIAuthenticationDialog.m in Sources */,
				C42A07B9125EBED5008A004E /* ASIDownloadCache.m in Sources */,
				C42A07BA125EBED5008A004E /* ASIFormDataRequest.m in Sources */,
				C42A07BB125EBED5008A004E /* ASIHTTPRequest.m in Sources */,
				C42A07BC125EBED5008A004E /* ASIInputStream.m in Sources */,
				C42A07BD125EBED5008A004E /* ASINetworkQueue.m in Sources */,
				C42A07BE125EBED5008A004E /* Reachability.m in Sources */,
				C42A07C1125EBEFF008A004E /* TwitterService.m in Sources */,
				C420A3AB126020870069F1D7 /* TweetListViewController.m in Sources */,
				C4C2043312610C9200765D4A /* NSDate+Additions.m in Sources */,
			);
			runOnlyForDeploymentPostprocessing = 0;
		};
		C4C204F2126120BC00765D4A /* Sources */ = {
			isa = PBXSourcesBuildPhase;
			buildActionMask = 2147483647;
			files = (
				C4C2050B1261215700765D4A /* ASIAuthenticationDialog.m in Sources */,
				C4C2050C1261215700765D4A /* ASIDownloadCache.m in Sources */,
				C4C2050D1261215700765D4A /* ASIFormDataRequest.m in Sources */,
				C4C2050E1261215700765D4A /* ASIHTTPRequest.m in Sources */,
				C4C2050F1261215700765D4A /* ASIInputStream.m in Sources */,
				C4C205101261215700765D4A /* ASINetworkQueue.m in Sources */,
				C4C205121261215700765D4A /* NSDate+Additions.m in Sources */,
				C4C205131261215700765D4A /* NSObject+SBJSON.m in Sources */,
				C4C205141261215700765D4A /* NSString+SBJSON.m in Sources */,
				C4C205151261215700765D4A /* Reachability.m in Sources */,
				C4C205161261215700765D4A /* SBJsonBase.m in Sources */,
				C4C205171261215700765D4A /* SBJsonParser.m in Sources */,
				C4C205181261215700765D4A /* SBJsonWriter.m in Sources */,
				C4C205191261215700765D4A /* Tweet.m in Sources */,
				C4C2051A1261215700765D4A /* TweetListViewController.m in Sources */,
				C4C2051B1261215700765D4A /* TwitterService.m in Sources */,
				C4C2051C1261215700765D4A /* TwitterTesterAppDelegate.m in Sources */,
				C4C2051D1261215700765D4A /* User.m in Sources */,
				C4C2051E1261215700765D4A /* UserListViewController.m in Sources */,
				C4C205201261217B00765D4A /* GHUnitIOSTestMain.m in Sources */,
				C40CA41312614BF500732515 /* UserListViewControllerTest.m in Sources */,
				C4F17905126560B100C1A032 /* TweetListViewControllerTest.m in Sources */,
				C4F17AD11265780000C1A032 /* StubTwitterService.m in Sources */,
				C4D23E9E1266CBAE00E6EFB6 /* TwitterServiceTest.m in Sources */,
				C4DCC0C21267CE0E0047C33E /* NSDate+AdditionsTest.m in Sources */,
				C4C1BB7A126EC75C0056C655 /* UserTest.m in Sources */,
				C4E8192D126ECCD400140E92 /* TweetTest.m in Sources */,
			);
			runOnlyForDeploymentPostprocessing = 0;
		};
/* End PBXSourcesBuildPhase section */

/* Begin XCBuildConfiguration section */
		1D6058940D05DD3E006BFB54 /* Debug */ = {
			isa = XCBuildConfiguration;
			buildSettings = {
				ALWAYS_SEARCH_USER_PATHS = NO;
				COPY_PHASE_STRIP = NO;
				FRAMEWORK_SEARCH_PATHS = (
					"$(inherited)",
					"\"$(SRCROOT)/Frameworks\"",
				);
				GCC_DYNAMIC_NO_PIC = NO;
				GCC_OPTIMIZATION_LEVEL = 0;
				GCC_PRECOMPILE_PREFIX_HEADER = YES;
				GCC_PREFIX_HEADER = UnitTestDemo_Prefix.pch;
				GCC_VERSION = com.apple.compilers.llvmgcc42;
				INFOPLIST_FILE = "UnitTestDemo-Info.plist";
				PRODUCT_NAME = UnitTestDemo;
				SDKROOT = iphoneos;
			};
			name = Debug;
		};
		1D6058950D05DD3E006BFB54 /* Release */ = {
			isa = XCBuildConfiguration;
			buildSettings = {
				ALWAYS_SEARCH_USER_PATHS = NO;
				COPY_PHASE_STRIP = YES;
				FRAMEWORK_SEARCH_PATHS = (
					"$(inherited)",
					"\"$(SRCROOT)/Frameworks\"",
				);
				GCC_PRECOMPILE_PREFIX_HEADER = YES;
				GCC_PREFIX_HEADER = UnitTestDemo_Prefix.pch;
				GCC_VERSION = com.apple.compilers.llvmgcc42;
				INFOPLIST_FILE = "UnitTestDemo-Info.plist";
				PRODUCT_NAME = UnitTestDemo;
				SDKROOT = iphoneos;
				VALIDATE_PRODUCT = YES;
			};
			name = Release;
		};
		C01FCF4F08A954540054247B /* Debug */ = {
			isa = XCBuildConfiguration;
			buildSettings = {
				ARCHS = "$(ARCHS_STANDARD_32_BIT)";
				"CODE_SIGN_IDENTITY[sdk=iphoneos*]" = "iPhone Developer";
				GCC_C_LANGUAGE_STANDARD = c99;
				GCC_VERSION = com.apple.compilers.llvm.clang.1_0;
				GCC_WARN_ABOUT_RETURN_TYPE = YES;
				GCC_WARN_UNUSED_VARIABLE = YES;
				OTHER_CFLAGS = "";
				SDKROOT = iphoneos;
			};
			name = Debug;
		};
		C01FCF5008A954540054247B /* Release */ = {
			isa = XCBuildConfiguration;
			buildSettings = {
				ARCHS = "$(ARCHS_STANDARD_32_BIT)";
				"CODE_SIGN_IDENTITY[sdk=iphoneos*]" = "iPhone Developer";
				GCC_C_LANGUAGE_STANDARD = c99;
				GCC_VERSION = com.apple.compilers.llvm.clang.1_0;
				GCC_WARN_ABOUT_RETURN_TYPE = YES;
				GCC_WARN_UNUSED_VARIABLE = YES;
				OTHER_CFLAGS = "-DNS_BLOCK_ASSERTIONS=1";
				SDKROOT = iphoneos;
			};
			name = Release;
		};
		C4C204F8126120BD00765D4A /* Debug */ = {
			isa = XCBuildConfiguration;
			buildSettings = {
				ALWAYS_SEARCH_USER_PATHS = NO;
				CODE_SIGN_IDENTITY = "iPhone Developer";
				COPY_PHASE_STRIP = NO;
				FRAMEWORK_SEARCH_PATHS = (
					"$(inherited)",
					"\"$(SRCROOT)/Frameworks\"",
				);
				GCC_DYNAMIC_NO_PIC = NO;
				GCC_OPTIMIZATION_LEVEL = 0;
				GCC_PRECOMPILE_PREFIX_HEADER = YES;
				GCC_PREFIX_HEADER = UnitTests_Prefix.pch;
				GCC_VERSION = com.apple.compilers.llvmgcc42;
				INFOPLIST_FILE = "UnitTests-Info.plist";
				INSTALL_PATH = "$(HOME)/Applications";
				OTHER_LDFLAGS = (
					"-framework",
					Foundation,
					"-framework",
					UIKit,
					"-ObjC",
					"-all_load",
					"-lstdc++",
				);
				PRODUCT_NAME = UnitTests;
				SDKROOT = iphoneos;
			};
			name = Debug;
		};
		C4C204F9126120BD00765D4A /* Release */ = {
			isa = XCBuildConfiguration;
			buildSettings = {
				ALWAYS_SEARCH_USER_PATHS = NO;
				CODE_SIGN_IDENTITY = "iPhone Developer";
				COPY_PHASE_STRIP = YES;
				DEBUG_INFORMATION_FORMAT = "dwarf-with-dsym";
				FRAMEWORK_SEARCH_PATHS = (
					"$(inherited)",
					"\"$(SRCROOT)/Frameworks\"",
				);
				GCC_PRECOMPILE_PREFIX_HEADER = YES;
				GCC_PREFIX_HEADER = UnitTests_Prefix.pch;
				GCC_VERSION = com.apple.compilers.llvmgcc42;
				INFOPLIST_FILE = "UnitTests-Info.plist";
				INSTALL_PATH = "$(HOME)/Applications";
				OTHER_LDFLAGS = (
					"-framework",
					Foundation,
					"-framework",
					UIKit,
					"-ObjC",
					"-all_load",
					"-lstdc++",
				);
				PRODUCT_NAME = UnitTests;
				SDKROOT = iphoneos;
				ZERO_LINK = NO;
			};
			name = Release;
		};
/* End XCBuildConfiguration section */

/* Begin XCConfigurationList section */
		1D6058960D05DD3E006BFB54 /* Build configuration list for PBXNativeTarget "TwitterDemoApp" */ = {
			isa = XCConfigurationList;
			buildConfigurations = (
				1D6058940D05DD3E006BFB54 /* Debug */,
				1D6058950D05DD3E006BFB54 /* Release */,
			);
			defaultConfigurationIsVisible = 0;
			defaultConfigurationName = Release;
		};
		C01FCF4E08A954540054247B /* Build configuration list for PBXProject "UnitTestDemo" */ = {
			isa = XCConfigurationList;
			buildConfigurations = (
				C01FCF4F08A954540054247B /* Debug */,
				C01FCF5008A954540054247B /* Release */,
			);
			defaultConfigurationIsVisible = 0;
			defaultConfigurationName = Release;
		};
		C4C204FA126120BD00765D4A /* Build configuration list for PBXNativeTarget "UnitTests" */ = {
			isa = XCConfigurationList;
			buildConfigurations = (
				C4C204F8126120BD00765D4A /* Debug */,
				C4C204F9126120BD00765D4A /* Release */,
			);
			defaultConfigurationIsVisible = 0;
			defaultConfigurationName = Release;
		};
/* End XCConfigurationList section */
	};
	rootObject = 29B97313FDCFA39411CA2CEA /* Project object */;
}
